
Microsoft Visual Studio Solution File, Format Version 12.00
# Visual Studio Version 17
VisualStudioVersion = 17.11.35312.102
MinimumVisualStudioVersion = 10.0.40219.1
Project("{9A19103F-16F7-4668-BE54-9A1E7A4F7556}") = "asp-net-core-mvc - Backup", "asp-net-core-mvc - Backup.csproj", "{119686AC-7DAF-4212-BF79-9B1CF042785B}"
EndProject
Global
	GlobalSection(SolutionConfigurationPlatforms) = preSolution
		Debug|Any CPU = Debug|Any CPU
		Release|Any CPU = Release|Any CPU
	EndGlobalSection
	GlobalSection(ProjectConfigurationPlatforms) = postSolution
		{119686AC-7DAF-4212-BF79-9B1CF042785B}.Debug|Any CPU.ActiveCfg = Debug|Any CPU
		{119686AC-7DAF-4212-BF79-9B1CF042785B}.Debug|Any CPU.Build.0 = Debug|Any CPU
		{119686AC-7DAF-4212-BF79-9B1CF042785B}.Release|Any CPU.ActiveCfg = Release|Any CPU
		{119686AC-7DAF-4212-BF79-9B1CF042785B}.Release|Any CPU.Build.0 = Release|Any CPU
	EndGlobalSection
	GlobalSection(SolutionProperties) = preSolution
		HideSolutionNode = FALSE
	EndGlobalSection
	GlobalSection(ExtensibilityGlobals) = postSolution
		SolutionGuid = {8826D060-5732-4549-BCE5-81EF8F12E6F8}
	EndGlobalSection
EndGlobal
